
Microsoft Visual Studio Solution File, Format Version 12.00
# Visual Studio Version 17
VisualStudioVersion = 17.7.34031.279
MinimumVisualStudioVersion = 10.0.40219.1
Project("{FAE04EC0-301F-11D3-BF4B-00C04F79EFBC}") = "Task 1", "Lesson10\Task 1.csproj", "{AE109A49-BB1B-47F4-857F-4ED8D4D8D749}"
EndProject
Project("{FAE04EC0-301F-11D3-BF4B-00C04F79EFBC}") = "Task 2", "Task 2\Task 2.csproj", "{D284D5EF-D167-47C7-AF7B-6E157FF97F52}"
EndProject
Project("{2150E333-8FDC-42A3-9474-1A3956D46DE8}") = "Ex11", "Ex11", "{1B7CE9FA-0343-40C4-BA59-8C7A9BAC1486}"
EndProject
Project("{2150E333-8FDC-42A3-9474-1A3956D46DE8}") = "Ex12", "Ex12", "{5D55E312-5718-4450-8ECE-C412CE67676E}"
EndProject
Project("{2150E333-8FDC-42A3-9474-1A3956D46DE8}") = "Zadaniya", "Zadaniya", "{3FA54516-0A65-4D25-8962-304CB5326B58}"
EndProject
Project("{FAE04EC0-301F-11D3-BF4B-00C04F79EFBC}") = "Task2", "Task1\Task2.csproj", "{A50549E2-E710-4146-887D-63136A11C834}"
EndProject
Project("{FAE04EC0-301F-11D3-BF4B-00C04F79EFBC}") = "HTask2", "HTask1\HTask2.csproj", "{0294C7A9-9F3B-4D40-A1DB-754EDEF76114}"
EndProject
Project("{FAE04EC0-301F-11D3-BF4B-00C04F79EFBC}") = "Task2", "Task2\Task2.csproj", "{B47BEE55-581E-4FA1-AE7A-C2157437CE77}"
EndProject
Project("{FAE04EC0-301F-11D3-BF4B-00C04F79EFBC}") = "HTask1_", "HTask1_\HTask1_.csproj", "{F2EC18E4-53CB-4836-8D28-841C16C42F36}"
EndProject
Global
	GlobalSection(SolutionConfigurationPlatforms) = preSolution
		Debug|Any CPU = Debug|Any CPU
		Release|Any CPU = Release|Any CPU
	EndGlobalSection
	GlobalSection(ProjectConfigurationPlatforms) = postSolution
		{AE109A49-BB1B-47F4-857F-4ED8D4D8D749}.Debug|Any CPU.ActiveCfg = Debug|Any CPU
		{AE109A49-BB1B-47F4-857F-4ED8D4D8D749}.Debug|Any CPU.Build.0 = Debug|Any CPU
		{AE109A49-BB1B-47F4-857F-4ED8D4D8D749}.Release|Any CPU.ActiveCfg = Release|Any CPU
		{AE109A49-BB1B-47F4-857F-4ED8D4D8D749}.Release|Any CPU.Build.0 = Release|Any CPU
		{D284D5EF-D167-47C7-AF7B-6E157FF97F52}.Debug|Any CPU.ActiveCfg = Debug|Any CPU
		{D284D5EF-D167-47C7-AF7B-6E157FF97F52}.Debug|Any CPU.Build.0 = Debug|Any CPU
		{D284D5EF-D167-47C7-AF7B-6E157FF97F52}.Release|Any CPU.ActiveCfg = Release|Any CPU
		{D284D5EF-D167-47C7-AF7B-6E157FF97F52}.Release|Any CPU.Build.0 = Release|Any CPU
		{A50549E2-E710-4146-887D-63136A11C834}.Debug|Any CPU.ActiveCfg = Debug|Any CPU
		{A50549E2-E710-4146-887D-63136A11C834}.Debug|Any CPU.Build.0 = Debug|Any CPU
		{A50549E2-E710-4146-887D-63136A11C834}.Release|Any CPU.ActiveCfg = Release|Any CPU
		{A50549E2-E710-4146-887D-63136A11C834}.Release|Any CPU.Build.0 = Release|Any CPU
		{0294C7A9-9F3B-4D40-A1DB-754EDEF76114}.Debug|Any CPU.ActiveCfg = Debug|Any CPU
		{0294C7A9-9F3B-4D40-A1DB-754EDEF76114}.Debug|Any CPU.Build.0 = Debug|Any CPU
		{0294C7A9-9F3B-4D40-A1DB-754EDEF76114}.Release|Any CPU.ActiveCfg = Release|Any CPU
		{0294C7A9-9F3B-4D40-A1DB-754EDEF76114}.Release|Any CPU.Build.0 = Release|Any CPU
		{B47BEE55-581E-4FA1-AE7A-C2157437CE77}.Debug|Any CPU.ActiveCfg = Debug|Any CPU
		{B47BEE55-581E-4FA1-AE7A-C2157437CE77}.Debug|Any CPU.Build.0 = Debug|Any CPU
		{B47BEE55-581E-4FA1-AE7A-C2157437CE77}.Release|Any CPU.ActiveCfg = Release|Any CPU
		{B47BEE55-581E-4FA1-AE7A-C2157437CE77}.Release|Any CPU.Build.0 = Release|Any CPU
		{F2EC18E4-53CB-4836-8D28-841C16C42F36}.Debug|Any CPU.ActiveCfg = Debug|Any CPU
		{F2EC18E4-53CB-4836-8D28-841C16C42F36}.Debug|Any CPU.Build.0 = Debug|Any CPU
		{F2EC18E4-53CB-4836-8D28-841C16C42F36}.Release|Any CPU.ActiveCfg = Release|Any CPU
		{F2EC18E4-53CB-4836-8D28-841C16C42F36}.Release|Any CPU.Build.0 = Release|Any CPU
	EndGlobalSection
	GlobalSection(SolutionProperties) = preSolution
		HideSolutionNode = FALSE
	EndGlobalSection
	GlobalSection(NestedProjects) = preSolution
		{AE109A49-BB1B-47F4-857F-4ED8D4D8D749} = {1B7CE9FA-0343-40C4-BA59-8C7A9BAC1486}
		{D284D5EF-D167-47C7-AF7B-6E157FF97F52} = {1B7CE9FA-0343-40C4-BA59-8C7A9BAC1486}
		{A50549E2-E710-4146-887D-63136A11C834} = {3FA54516-0A65-4D25-8962-304CB5326B58}
		{0294C7A9-9F3B-4D40-A1DB-754EDEF76114} = {5D55E312-5718-4450-8ECE-C412CE67676E}
		{B47BEE55-581E-4FA1-AE7A-C2157437CE77} = {5D55E312-5718-4450-8ECE-C412CE67676E}
		{F2EC18E4-53CB-4836-8D28-841C16C42F36} = {5D55E312-5718-4450-8ECE-C412CE67676E}
	EndGlobalSection
	GlobalSection(ExtensibilityGlobals) = postSolution
		SolutionGuid = {EEBEBE81-F7DE-48DE-88F0-1FD208354808}
	EndGlobalSection
EndGlobal
